
Microsoft Visual Studio Solution File, Format Version 12.00
# Visual Studio Version 16
VisualStudioVersion = 16.0.30804.86
MinimumVisualStudioVersion = 10.0.40219.1
Project("{FAE04EC0-301F-11D3-BF4B-00C04F79EFBC}") = "ProjectPrinter", "ProjectPrinter\ProjectPrinter.csproj", "{1F869EC6-33E0-4BEF-9FE8-BF6C780569AC}"
EndProject
Project("{FAE04EC0-301F-11D3-BF4B-00C04F79EFBC}") = "Utilidades", "Utilidades\Utilidades.csproj", "{6739E538-051B-477F-983D-9A3931836506}"
EndProject
Global
	GlobalSection(SolutionConfigurationPlatforms) = preSolution
		Debug|Any CPU = Debug|Any CPU
		Release|Any CPU = Release|Any CPU
	EndGlobalSection
	GlobalSection(ProjectConfigurationPlatforms) = postSolution
		{1F869EC6-33E0-4BEF-9FE8-BF6C780569AC}.Debug|Any CPU.ActiveCfg = Debug|Any CPU
		{1F869EC6-33E0-4BEF-9FE8-BF6C780569AC}.Debug|Any CPU.Build.0 = Debug|Any CPU
		{1F869EC6-33E0-4BEF-9FE8-BF6C780569AC}.Release|Any CPU.ActiveCfg = Release|Any CPU
		{1F869EC6-33E0-4BEF-9FE8-BF6C780569AC}.Release|Any CPU.Build.0 = Release|Any CPU
		{6739E538-051B-477F-983D-9A3931836506}.Debug|Any CPU.ActiveCfg = Debug|Any CPU
		{6739E538-051B-477F-983D-9A3931836506}.Debug|Any CPU.Build.0 = Debug|Any CPU
		{6739E538-051B-477F-983D-9A3931836506}.Release|Any CPU.ActiveCfg = Release|Any CPU
		{6739E538-051B-477F-983D-9A3931836506}.Release|Any CPU.Build.0 = Release|Any CPU
	EndGlobalSection
	GlobalSection(SolutionProperties) = preSolution
		HideSolutionNode = FALSE
	EndGlobalSection
	GlobalSection(ExtensibilityGlobals) = postSolution
		SolutionGuid = {983328E7-70BF-4ED2-BC27-623908D6CAFE}
	EndGlobalSection
EndGlobal
